# THIS IS AN AUTOGENERATED FILE. DO NOT EDIT THIS FILE DIRECTLY.
# yarn lockfile v1


dat.gui@^0.6.1:
  version "0.6.1"
  resolved "https://registry.yarnpkg.com/dat.gui/-/dat.gui-0.6.1.tgz#7c3d0a2ac2c570dafb61b91203fd7fe3171d6ac7"

three@^0.84.0:
  version "0.84.0"
  resolved "https://registry.yarnpkg.com/three/-/three-0.84.0.tgz#95be85a55a0fa002aa625ed559130957dcffd918"
